// !$*UTF8*$!
{
	archiveVersion = 1;
	classes = {
	};
	objectVersion = 55;
	objects = {

/* Begin PBXBuildFile section */
		FE52EB7C27D6B5C400C48A47 /* TodoService.swift in Sources */ = {isa = PBXBuildFile; fileRef = FEAE9E4127D5B0BB00D60EF7 /* TodoService.swift */; };
		FE52EB7D27D6B60B00C48A47 /* Todo.swift in Sources */ = {isa = PBXBuildFile; fileRef = FEAE9E3F27D5AF1900D60EF7 /* Todo.swift */; };
		FE94954F27D6A7EE00340FA0 /* Provider.swift in Sources */ = {isa = PBXBuildFile; fileRef = FE94954E27D6A7EE00340FA0 /* Provider.swift */; };
		FE94955127D6A82B00340FA0 /* SimpleEntry.swift in Sources */ = {isa = PBXBuildFile; fileRef = FE94955027D6A82B00340FA0 /* SimpleEntry.swift */; };
		FE94955327D6A85000340FA0 /* WidgetView.swift in Sources */ = {isa = PBXBuildFile; fileRef = FE94955227D6A85000340FA0 /* WidgetView.swift */; };
		FE94955527D6A9A000340FA0 /* MediumSizeView.swift in Sources */ = {isa = PBXBuildFile; fileRef = FE94955427D6A9A000340FA0 /* MediumSizeView.swift */; };
		FE94955727D6A9B800340FA0 /* LargeSizeView.swift in Sources */ = {isa = PBXBuildFile; fileRef = FE94955627D6A9B800340FA0 /* LargeSizeView.swift */; };
		FEAE9E3127D5AEA200D60EF7 /* p06_widgetkit_introApp.swift in Sources */ = {isa = PBXBuildFile; fileRef = FEAE9E3027D5AEA200D60EF7 /* p06_widgetkit_introApp.swift */; };
		FEAE9E3327D5AEA200D60EF7 /* ContentView.swift in Sources */ = {isa = PBXBuildFile; fileRef = FEAE9E3227D5AEA200D60EF7 /* ContentView.swift */; };
		FEAE9E3527D5AEA300D60EF7 /* Assets.xcassets in Resources */ = {isa = PBXBuildFile; fileRef = FEAE9E3427D5AEA300D60EF7 /* Assets.xcassets */; };
		FEAE9E3827D5AEA300D60EF7 /* Preview Assets.xcassets in Resources */ = {isa = PBXBuildFile; fileRef = FEAE9E3727D5AEA300D60EF7 /* Preview Assets.xcassets */; };
		FEAE9E4027D5AF1900D60EF7 /* Todo.swift in Sources */ = {isa = PBXBuildFile; fileRef = FEAE9E3F27D5AF1900D60EF7 /* Todo.swift */; };
		FEAE9E4227D5B0BB00D60EF7 /* TodoService.swift in Sources */ = {isa = PBXBuildFile; fileRef = FEAE9E4127D5B0BB00D60EF7 /* TodoService.swift */; };
		FEAE9E4A27D5B4A200D60EF7 /* WidgetKit.framework in Frameworks */ = {isa = PBXBuildFile; fileRef = FEAE9E4927D5B4A200D60EF7 /* WidgetKit.framework */; };
		FEAE9E4C27D5B4A200D60EF7 /* SwiftUI.framework in Frameworks */ = {isa = PBXBuildFile; fileRef = FEAE9E4B27D5B4A200D60EF7 /* SwiftUI.framework */; };
		FEAE9E4F27D5B4A200D60EF7 /* WidgetKitCourse.swift in Sources */ = {isa = PBXBuildFile; fileRef = FEAE9E4E27D5B4A200D60EF7 /* WidgetKitCourse.swift */; };
		FEAE9E5127D5B4A300D60EF7 /* Assets.xcassets in Resources */ = {isa = PBXBuildFile; fileRef = FEAE9E5027D5B4A300D60EF7 /* Assets.xcassets */; };
		FEAE9E5527D5B4A300D60EF7 /* WidgetKitCourseExtension.appex in Embed App Extensions */ = {isa = PBXBuildFile; fileRef = FEAE9E4727D5B4A200D60EF7 /* WidgetKitCourseExtension.appex */; settings = {ATTRIBUTES = (RemoveHeadersOnCopy, ); }; };
/* End PBXBuildFile section */

/* Begin PBXContainerItemProxy section */
		FEAE9E5327D5B4A300D60EF7 /* PBXContainerItemProxy */ = {
			isa = PBXContainerItemProxy;
			containerPortal = FEAE9E2527D5AEA200D60EF7 /* Project object */;
			proxyType = 1;
			remoteGlobalIDString = FEAE9E4627D5B4A200D60EF7;
			remoteInfo = WidgetKitCourseExtension;
		};
/* End PBXContainerItemProxy section */

/* Begin PBXCopyFilesBuildPhase section */
		FEAE9E5927D5B4A300D60EF7 /* Embed App Extensions */ = {
			isa = PBXCopyFilesBuildPhase;
			buildActionMask = 2147483647;
			dstPath = "";
			dstSubfolderSpec = 13;
			files = (
				FEAE9E5527D5B4A300D60EF7 /* WidgetKitCourseExtension.appex in Embed App Extensions */,
			);
			name = "Embed App Extensions";
			runOnlyForDeploymentPostprocessing = 0;
		};
/* End PBXCopyFilesBuildPhase section */

/* Begin PBXFileReference section */
		FE94954E27D6A7EE00340FA0 /* Provider.swift */ = {isa = PBXFileReference; lastKnownFileType = sourcecode.swift; path = Provider.swift; sourceTree = "<group>"; };
		FE94955027D6A82B00340FA0 /* SimpleEntry.swift */ = {isa = PBXFileReference; lastKnownFileType = sourcecode.swift; path = SimpleEntry.swift; sourceTree = "<group>"; };
		FE94955227D6A85000340FA0 /* WidgetView.swift */ = {isa = PBXFileReference; lastKnownFileType = sourcecode.swift; path = WidgetView.swift; sourceTree = "<group>"; };
		FE94955427D6A9A000340FA0 /* MediumSizeView.swift */ = {isa = PBXFileReference; lastKnownFileType = sourcecode.swift; path = MediumSizeView.swift; sourceTree = "<group>"; };
		FE94955627D6A9B800340FA0 /* LargeSizeView.swift */ = {isa = PBXFileReference; lastKnownFileType = sourcecode.swift; path = LargeSizeView.swift; sourceTree = "<group>"; };
		FEAE9E2D27D5AEA200D60EF7 /* p06-widgetkit-intro.app */ = {isa = PBXFileReference; explicitFileType = wrapper.application; includeInIndex = 0; path = "p06-widgetkit-intro.app"; sourceTree = BUILT_PRODUCTS_DIR; };
		FEAE9E3027D5AEA200D60EF7 /* p06_widgetkit_introApp.swift */ = {isa = PBXFileReference; lastKnownFileType = sourcecode.swift; path = p06_widgetkit_introApp.swift; sourceTree = "<group>"; };
		FEAE9E3227D5AEA200D60EF7 /* ContentView.swift */ = {isa = PBXFileReference; lastKnownFileType = sourcecode.swift; path = ContentView.swift; sourceTree = "<group>"; };
		FEAE9E3427D5AEA300D60EF7 /* Assets.xcassets */ = {isa = PBXFileReference; lastKnownFileType = folder.assetcatalog; path = Assets.xcassets; sourceTree = "<group>"; };
		FEAE9E3727D5AEA300D60EF7 /* Preview Assets.xcassets */ = {isa = PBXFileReference; lastKnownFileType = folder.assetcatalog; path = "Preview Assets.xcassets"; sourceTree = "<group>"; };
		FEAE9E3F27D5AF1900D60EF7 /* Todo.swift */ = {isa = PBXFileReference; lastKnownFileType = sourcecode.swift; path = Todo.swift; sourceTree = "<group>"; };
		FEAE9E4127D5B0BB00D60EF7 /* TodoService.swift */ = {isa = PBXFileReference; lastKnownFileType = sourcecode.swift; path = TodoService.swift; sourceTree = "<group>"; };
		FEAE9E4727D5B4A200D60EF7 /* WidgetKitCourseExtension.appex */ = {isa = PBXFileReference; explicitFileType = "wrapper.app-extension"; includeInIndex = 0; path = WidgetKitCourseExtension.appex; sourceTree = BUILT_PRODUCTS_DIR; };
		FEAE9E4927D5B4A200D60EF7 /* WidgetKit.framework */ = {isa = PBXFileReference; lastKnownFileType = wrapper.framework; name = WidgetKit.framework; path = System/Library/Frameworks/WidgetKit.framework; sourceTree = SDKROOT; };
		FEAE9E4B27D5B4A200D60EF7 /* SwiftUI.framework */ = {isa = PBXFileReference; lastKnownFileType = wrapper.framework; name = SwiftUI.framework; path = System/Library/Frameworks/SwiftUI.framework; sourceTree = SDKROOT; };
		FEAE9E4E27D5B4A200D60EF7 /* WidgetKitCourse.swift */ = {isa = PBXFileReference; lastKnownFileType = sourcecode.swift; path = WidgetKitCourse.swift; sourceTree = "<group>"; };
		FEAE9E5027D5B4A300D60EF7 /* Assets.xcassets */ = {isa = PBXFileReference; lastKnownFileType = folder.assetcatalog; path = Assets.xcassets; sourceTree = "<group>"; };
		FEAE9E5227D5B4A300D60EF7 /* Info.plist */ = {isa = PBXFileReference; lastKnownFileType = text.plist.xml; path = Info.plist; sourceTree = "<group>"; };
/* End PBXFileReference section */

/* Begin PBXFrameworksBuildPhase section */
		FEAE9E2A27D5AEA200D60EF7 /* Frameworks */ = {
			isa = PBXFrameworksBuildPhase;
			buildActionMask = 2147483647;
			files = (
			);
			runOnlyForDeploymentPostprocessing = 0;
		};
		FEAE9E4427D5B4A200D60EF7 /* Frameworks */ = {
			isa = PBXFrameworksBuildPhase;
			buildActionMask = 2147483647;
			files = (
				FEAE9E4C27D5B4A200D60EF7 /* SwiftUI.framework in Frameworks */,
				FEAE9E4A27D5B4A200D60EF7 /* WidgetKit.framework in Frameworks */,
			);
			runOnlyForDeploymentPostprocessing = 0;
		};
/* End PBXFrameworksBuildPhase section */

/* Begin PBXGroup section */
		FE94955827D6A9C800340FA0 /* Views */ = {
			isa = PBXGroup;
			children = (
				FE94955227D6A85000340FA0 /* WidgetView.swift */,
				FE94955427D6A9A000340FA0 /* MediumSizeView.swift */,
				FE94955627D6A9B800340FA0 /* LargeSizeView.swift */,
			);
			path = Views;
			sourceTree = "<group>";
		};
		FEAE9E2427D5AEA200D60EF7 = {
			isa = PBXGroup;
			children = (
				FEAE9E2F27D5AEA200D60EF7 /* p06-widgetkit-intro */,
				FEAE9E4D27D5B4A200D60EF7 /* WidgetKitCourse */,
				FEAE9E4827D5B4A200D60EF7 /* Frameworks */,
				FEAE9E2E27D5AEA200D60EF7 /* Products */,
			);
			sourceTree = "<group>";
		};
		FEAE9E2E27D5AEA200D60EF7 /* Products */ = {
			isa = PBXGroup;
			children = (
				FEAE9E2D27D5AEA200D60EF7 /* p06-widgetkit-intro.app */,
				FEAE9E4727D5B4A200D60EF7 /* WidgetKitCourseExtension.appex */,
			);
			name = Products;
			sourceTree = "<group>";
		};
		FEAE9E2F27D5AEA200D60EF7 /* p06-widgetkit-intro */ = {
			isa = PBXGroup;
			children = (
				FEAE9E3E27D5AF0C00D60EF7 /* Data */,
				FEAE9E3027D5AEA200D60EF7 /* p06_widgetkit_introApp.swift */,
				FEAE9E3227D5AEA200D60EF7 /* ContentView.swift */,
				FEAE9E3427D5AEA300D60EF7 /* Assets.xcassets */,
				FEAE9E3627D5AEA300D60EF7 /* Preview Content */,
			);
			path = "p06-widgetkit-intro";
			sourceTree = "<group>";
		};
		FEAE9E3627D5AEA300D60EF7 /* Preview Content */ = {
			isa = PBXGroup;
			children = (
				FEAE9E3727D5AEA300D60EF7 /* Preview Assets.xcassets */,
			);
			path = "Preview Content";
			sourceTree = "<group>";
		};
		FEAE9E3E27D5AF0C00D60EF7 /* Data */ = {
			isa = PBXGroup;
			children = (
				FEAE9E3F27D5AF1900D60EF7 /* Todo.swift */,
				FEAE9E4127D5B0BB00D60EF7 /* TodoService.swift */,
			);
			path = Data;
			sourceTree = "<group>";
		};
		FEAE9E4827D5B4A200D60EF7 /* Frameworks */ = {
			isa = PBXGroup;
			children = (
				FEAE9E4927D5B4A200D60EF7 /* WidgetKit.framework */,
				FEAE9E4B27D5B4A200D60EF7 /* SwiftUI.framework */,
			);
			name = Frameworks;
			sourceTree = "<group>";
		};
		FEAE9E4D27D5B4A200D60EF7 /* WidgetKitCourse */ = {
			isa = PBXGroup;
			children = (
				FEAE9E4E27D5B4A200D60EF7 /* WidgetKitCourse.swift */,
				FE94955827D6A9C800340FA0 /* Views */,
				FEAE9E5027D5B4A300D60EF7 /* Assets.xcassets */,
				FEAE9E5227D5B4A300D60EF7 /* Info.plist */,
				FE94954E27D6A7EE00340FA0 /* Provider.swift */,
				FE94955027D6A82B00340FA0 /* SimpleEntry.swift */,
			);
			path = WidgetKitCourse;
			sourceTree = "<group>";
		};
/* End PBXGroup section */

/* Begin PBXNativeTarget section */
		FEAE9E2C27D5AEA200D60EF7 /* p06-widgetkit-intro */ = {
			isa = PBXNativeTarget;
			buildConfigurationList = FEAE9E3B27D5AEA300D60EF7 /* Build configuration list for PBXNativeTarget "p06-widgetkit-intro" */;
			buildPhases = (
				FEAE9E2927D5AEA200D60EF7 /* Sources */,
				FEAE9E2A27D5AEA200D60EF7 /* Frameworks */,
				FEAE9E2B27D5AEA200D60EF7 /* Resources */,
				FEAE9E5927D5B4A300D60EF7 /* Embed App Extensions */,
			);
			buildRules = (
			);
			dependencies = (
				FEAE9E5427D5B4A300D60EF7 /* PBXTargetDependency */,
			);
			name = "p06-widgetkit-intro";
			productName = "p06-widgetkit-intro";
			productReference = FEAE9E2D27D5AEA200D60EF7 /* p06-widgetkit-intro.app */;
			productType = "com.apple.product-type.application";
		};
		FEAE9E4627D5B4A200D60EF7 /* WidgetKitCourseExtension */ = {
			isa = PBXNativeTarget;
			buildConfigurationList = FEAE9E5627D5B4A300D60EF7 /* Build configuration list for PBXNativeTarget "WidgetKitCourseExtension" */;
			buildPhases = (
				FEAE9E4327D5B4A200D60EF7 /* Sources */,
				FEAE9E4427D5B4A200D60EF7 /* Frameworks */,
				FEAE9E4527D5B4A200D60EF7 /* Resources */,
			);
			buildRules = (
			);
			dependencies = (
			);
			name = WidgetKitCourseExtension;
			productName = WidgetKitCourseExtension;
			productReference = FEAE9E4727D5B4A200D60EF7 /* WidgetKitCourseExtension.appex */;
			productType = "com.apple.product-type.app-extension";
		};
/* End PBXNativeTarget section */

/* Begin PBXProject section */
		FEAE9E2527D5AEA200D60EF7 /* Project object */ = {
			isa = PBXProject;
			attributes = {
				BuildIndependentTargetsInParallel = 1;
				LastSwiftUpdateCheck = 1320;
				LastUpgradeCheck = 1320;
				TargetAttributes = {
					FEAE9E2C27D5AEA200D60EF7 = {
						CreatedOnToolsVersion = 13.2.1;
					};
					FEAE9E4627D5B4A200D60EF7 = {
						CreatedOnToolsVersion = 13.2.1;
					};
				};
			};
			buildConfigurationList = FEAE9E2827D5AEA200D60EF7 /* Build configuration list for PBXProject "p06-widgetkit-intro" */;
			compatibilityVersion = "Xcode 13.0";
			developmentRegion = en;
			hasScannedForEncodings = 0;
			knownRegions = (
				en,
				Base,
			);
			mainGroup = FEAE9E2427D5AEA200D60EF7;
			productRefGroup = FEAE9E2E27D5AEA200D60EF7 /* Products */;
			projectDirPath = "";
			projectRoot = "";
			targets = (
				FEAE9E2C27D5AEA200D60EF7 /* p06-widgetkit-intro */,
				FEAE9E4627D5B4A200D60EF7 /* WidgetKitCourseExtension */,
			);
		};
/* End PBXProject section */

/* Begin PBXResourcesBuildPhase section */
		FEAE9E2B27D5AEA200D60EF7 /* Resources */ = {
			isa = PBXResourcesBuildPhase;
			buildActionMask = 2147483647;
			files = (
				FEAE9E3827D5AEA300D60EF7 /* Preview Assets.xcassets in Resources */,
				FEAE9E3527D5AEA300D60EF7 /* Assets.xcassets in Resources */,
			);
			runOnlyForDeploymentPostprocessing = 0;
		};
		FEAE9E4527D5B4A200D60EF7 /* Resources */ = {
			isa = PBXResourcesBuildPhase;
			buildActionMask = 2147483647;
			files = (
				FEAE9E5127D5B4A300D60EF7 /* Assets.xcassets in Resources */,
			);
			runOnlyForDeploymentPostprocessing = 0;
		};
/* End PBXResourcesBuildPhase section */

/* Begin PBXSourcesBuildPhase section */
		FEAE9E2927D5AEA200D60EF7 /* Sources */ = {
			isa = PBXSourcesBuildPhase;
			buildActionMask = 2147483647;
			files = (
				FEAE9E3327D5AEA200D60EF7 /* ContentView.swift in Sources */,
				FEAE9E4027D5AF1900D60EF7 /* Todo.swift in Sources */,
				FEAE9E3127D5AEA200D60EF7 /* p06_widgetkit_introApp.swift in Sources */,
				FEAE9E4227D5B0BB00D60EF7 /* TodoService.swift in Sources */,
			);
			runOnlyForDeploymentPostprocessing = 0;
		};
		FEAE9E4327D5B4A200D60EF7 /* Sources */ = {
			isa = PBXSourcesBuildPhase;
			buildActionMask = 2147483647;
			files = (
				FE94955127D6A82B00340FA0 /* SimpleEntry.swift in Sources */,
				FE94954F27D6A7EE00340FA0 /* Provider.swift in Sources */,
				FE94955527D6A9A000340FA0 /* MediumSizeView.swift in Sources */,
				FE52EB7D27D6B60B00C48A47 /* Todo.swift in Sources */,
				FE94955727D6A9B800340FA0 /* LargeSizeView.swift in Sources */,
				FE52EB7C27D6B5C400C48A47 /* TodoService.swift in Sources */,
				FE94955327D6A85000340FA0 /* WidgetView.swift in Sources */,
				FEAE9E4F27D5B4A200D60EF7 /* WidgetKitCourse.swift in Sources */,
			);
			runOnlyForDeploymentPostprocessing = 0;
		};
/* End PBXSourcesBuildPhase section */

/* Begin PBXTargetDependency section */
		FEAE9E5427D5B4A300D60EF7 /* PBXTargetDependency */ = {
			isa = PBXTargetDependency;
			target = FEAE9E4627D5B4A200D60EF7 /* WidgetKitCourseExtension */;
			targetProxy = FEAE9E5327D5B4A300D60EF7 /* PBXContainerItemProxy */;
		};
/* End PBXTargetDependency section */

/* Begin XCBuildConfiguration section */
		FEAE9E3927D5AEA300D60EF7 /* Debug */ = {
			isa = XCBuildConfiguration;
			buildSettings = {
				ALWAYS_SEARCH_USER_PATHS = NO;
				CLANG_ANALYZER_NONNULL = YES;
				CLANG_ANALYZER_NUMBER_OBJECT_CONVERSION = YES_AGGRESSIVE;
				CLANG_CXX_LANGUAGE_STANDARD = "gnu++17";
				CLANG_CXX_LIBRARY = "libc++";
				CLANG_ENABLE_MODULES = YES;
				CLANG_ENABLE_OBJC_ARC = YES;
				CLANG_ENABLE_OBJC_WEAK = YES;
				CLANG_WARN_BLOCK_CAPTURE_AUTORELEASING = YES;
				CLANG_WARN_BOOL_CONVERSION = YES;
				CLANG_WARN_COMMA = YES;
				CLANG_WARN_CONSTANT_CONVERSION = YES;
				CLANG_WARN_DEPRECATED_OBJC_IMPLEMENTATIONS = YES;
				CLANG_WARN_DIRECT_OBJC_ISA_USAGE = YES_ERROR;
				CLANG_WARN_DOCUMENTATION_COMMENTS = YES;
				CLANG_WARN_EMPTY_BODY = YES;
				CLANG_WARN_ENUM_CONVERSION = YES;
				CLANG_WARN_INFINITE_RECURSION = YES;
				CLANG_WARN_INT_CONVERSION = YES;
				CLANG_WARN_NON_LITERAL_NULL_CONVERSION = YES;
				CLANG_WARN_OBJC_IMPLICIT_RETAIN_SELF = YES;
				CLANG_WARN_OBJC_LITERAL_CONVERSION = YES;
				CLANG_WARN_OBJC_ROOT_CLASS = YES_ERROR;
				CLANG_WARN_QUOTED_INCLUDE_IN_FRAMEWORK_HEADER = YES;
				CLANG_WARN_RANGE_LOOP_ANALYSIS = YES;
				CLANG_WARN_STRICT_PROTOTYPES = YES;
				CLANG_WARN_SUSPICIOUS_MOVE = YES;
				CLANG_WARN_UNGUARDED_AVAILABILITY = YES_AGGRESSIVE;
				CLANG_WARN_UNREACHABLE_CODE = YES;
				CLANG_WARN__DUPLICATE_METHOD_MATCH = YES;
				COPY_PHASE_STRIP = NO;
				DEBUG_INFORMATION_FORMAT = dwarf;
				ENABLE_STRICT_OBJC_MSGSEND = YES;
				ENABLE_TESTABILITY = YES;
				GCC_C_LANGUAGE_STANDARD = gnu11;
				GCC_DYNAMIC_NO_PIC = NO;
				GCC_NO_COMMON_BLOCKS = YES;
				GCC_OPTIMIZATION_LEVEL = 0;
				GCC_PREPROCESSOR_DEFINITIONS = (
					"DEBUG=1",
					"$(inherited)",
				);
				GCC_WARN_64_TO_32_BIT_CONVERSION = YES;
				GCC_WARN_ABOUT_RETURN_TYPE = YES_ERROR;
				GCC_WARN_UNDECLARED_SELECTOR = YES;
				GCC_WARN_UNINITIALIZED_AUTOS = YES_AGGRESSIVE;
				GCC_WARN_UNUSED_FUNCTION = YES;
				GCC_WARN_UNUSED_VARIABLE = YES;
				IPHONEOS_DEPLOYMENT_TARGET = 15.2;
				MTL_ENABLE_DEBUG_INFO = INCLUDE_SOURCE;
				MTL_FAST_MATH = YES;
				ONLY_ACTIVE_ARCH = YES;
				SDKROOT = iphoneos;
				SWIFT_ACTIVE_COMPILATION_CONDITIONS = DEBUG;
				SWIFT_OPTIMIZATION_LEVEL = "-Onone";
			};
			name = Debug;
		};
		FEAE9E3A27D5AEA300D60EF7 /* Release */ = {
			isa = XCBuildConfiguration;
			buildSettings = {
				ALWAYS_SEARCH_USER_PATHS = NO;
				CLANG_ANALYZER_NONNULL = YES;
				CLANG_ANALYZER_NUMBER_OBJECT_CONVERSION = YES_AGGRESSIVE;
				CLANG_CXX_LANGUAGE_STANDARD = "gnu++17";
				CLANG_CXX_LIBRARY = "libc++";
				CLANG_ENABLE_MODULES = YES;
				CLANG_ENABLE_OBJC_ARC = YES;
				CLANG_ENABLE_OBJC_WEAK = YES;
				CLANG_WARN_BLOCK_CAPTURE_AUTORELEASING = YES;
				CLANG_WARN_BOOL_CONVERSION = YES;
				CLANG_WARN_COMMA = YES;
				CLANG_WARN_CONSTANT_CONVERSION = YES;
				CLANG_WARN_DEPRECATED_OBJC_IMPLEMENTATIONS = YES;
				CLANG_WARN_DIRECT_OBJC_ISA_USAGE = YES_ERROR;
				CLANG_WARN_DOCUMENTATION_COMMENTS = YES;
				CLANG_WARN_EMPTY_BODY = YES;
				CLANG_WARN_ENUM_CONVERSION = YES;
				CLANG_WARN_INFINITE_RECURSION = YES;
				CLANG_WARN_INT_CONVERSION = YES;
				CLANG_WARN_NON_LITERAL_NULL_CONVERSION = YES;
				CLANG_WARN_OBJC_IMPLICIT_RETAIN_SELF = YES;
				CLANG_WARN_OBJC_LITERAL_CONVERSION = YES;
				CLANG_WARN_OBJC_ROOT_CLASS = YES_ERROR;
				CLANG_WARN_QUOTED_INCLUDE_IN_FRAMEWORK_HEADER = YES;
				CLANG_WARN_RANGE_LOOP_ANALYSIS = YES;
				CLANG_WARN_STRICT_PROTOTYPES = YES;
				CLANG_WARN_SUSPICIOUS_MOVE = YES;
				CLANG_WARN_UNGUARDED_AVAILABILITY = YES_AGGRESSIVE;
				CLANG_WARN_UNREACHABLE_CODE = YES;
				CLANG_WARN__DUPLICATE_METHOD_MATCH = YES;
				COPY_PHASE_STRIP = NO;
				DEBUG_INFORMATION_FORMAT = "dwarf-with-dsym";
				ENABLE_NS_ASSERTIONS = NO;
				ENABLE_STRICT_OBJC_MSGSEND = YES;
				GCC_C_LANGUAGE_STANDARD = gnu11;
				GCC_NO_COMMON_BLOCKS = YES;
				GCC_WARN_64_TO_32_BIT_CONVERSION = YES;
				GCC_WARN_ABOUT_RETURN_TYPE = YES_ERROR;
				GCC_WARN_UNDECLARED_SELECTOR = YES;
				GCC_WARN_UNINITIALIZED_AUTOS = YES_AGGRESSIVE;
				GCC_WARN_UNUSED_FUNCTION = YES;
				GCC_WARN_UNUSED_VARIABLE = YES;
				IPHONEOS_DEPLOYMENT_TARGET = 15.2;
				MTL_ENABLE_DEBUG_INFO = NO;
				MTL_FAST_MATH = YES;
				SDKROOT = iphoneos;
				SWIFT_COMPILATION_MODE = wholemodule;
				SWIFT_OPTIMIZATION_LEVEL = "-O";
				VALIDATE_PRODUCT = YES;
			};
			name = Release;
		};
		FEAE9E3C27D5AEA300D60EF7 /* Debug */ = {
			isa = XCBuildConfiguration;
			buildSettings = {
				ALWAYS_EMBED_SWIFT_STANDARD_LIBRARIES = YES;
				ASSETCATALOG_COMPILER_APPICON_NAME = AppIcon;
				ASSETCATALOG_COMPILER_GLOBAL_ACCENT_COLOR_NAME = AccentColor;
				CODE_SIGN_STYLE = Automatic;
				CURRENT_PROJECT_VERSION = 1;
				DEVELOPMENT_ASSET_PATHS = "\"p06-widgetkit-intro/Preview Content\"";
				DEVELOPMENT_TEAM = 22875T464M;
				ENABLE_PREVIEWS = YES;
				GENERATE_INFOPLIST_FILE = YES;
				INFOPLIST_KEY_UIApplicationSceneManifest_Generation = YES;
				INFOPLIST_KEY_UIApplicationSupportsIndirectInputEvents = YES;
				INFOPLIST_KEY_UILaunchScreen_Generation = YES;
				INFOPLIST_KEY_UISupportedInterfaceOrientations_iPad = "UIInterfaceOrientationPortrait UIInterfaceOrientationPortraitUpsideDown UIInterfaceOrientationLandscapeLeft UIInterfaceOrientationLandscapeRight";
				INFOPLIST_KEY_UISupportedInterfaceOrientations_iPhone = "UIInterfaceOrientationPortrait UIInterfaceOrientationLandscapeLeft UIInterfaceOrientationLandscapeRight";
				LD_RUNPATH_SEARCH_PATHS = (
					"$(inherited)",
					"@executable_path/Frameworks",
				);
				MARKETING_VERSION = 1.0;
				PRODUCT_BUNDLE_IDENTIFIER = "peter-h-wi.p06-widgetkit-intro";
				PRODUCT_NAME = "$(TARGET_NAME)";
				SWIFT_EMIT_LOC_STRINGS = YES;
				SWIFT_VERSION = 5.0;
				TARGETED_DEVICE_FAMILY = "1,2";
			};
			name = Debug;
		};
		FEAE9E3D27D5AEA300D60EF7 /* Release */ = {
			isa = XCBuildConfiguration;
			buildSettings = {
				ALWAYS_EMBED_SWIFT_STANDARD_LIBRARIES = YES;
				ASSETCATALOG_COMPILER_APPICON_NAME = AppIcon;
				ASSETCATALOG_COMPILER_GLOBAL_ACCENT_COLOR_NAME = AccentColor;
				CODE_SIGN_STYLE = Automatic;
				CURRENT_PROJECT_VERSION = 1;
				DEVELOPMENT_ASSET_PATHS = "\"p06-widgetkit-intro/Preview Content\"";
				DEVELOPMENT_TEAM = 22875T464M;
				ENABLE_PREVIEWS = YES;
				GENERATE_INFOPLIST_FILE = YES;
				INFOPLIST_KEY_UIApplicationSceneManifest_Generation = YES;
				INFOPLIST_KEY_UIApplicationSupportsIndirectInputEvents = YES;
				INFOPLIST_KEY_UILaunchScreen_Generation = YES;
				INFOPLIST_KEY_UISupportedInterfaceOrientations_iPad = "UIInterfaceOrientationPortrait UIInterfaceOrientationPortraitUpsideDown UIInterfaceOrientationLandscapeLeft UIInterfaceOrientationLandscapeRight";
				INFOPLIST_KEY_UISupportedInterfaceOrientations_iPhone = "UIInterfaceOrientationPortrait UIInterfaceOrientationLandscapeLeft UIInterfaceOrientationLandscapeRight";
				LD_RUNPATH_SEARCH_PATHS = (
					"$(inherited)",
					"@executable_path/Frameworks",
				);
				MARKETING_VERSION = 1.0;
				PRODUCT_BUNDLE_IDENTIFIER = "peter-h-wi.p06-widgetkit-intro";
				PRODUCT_NAME = "$(TARGET_NAME)";
				SWIFT_EMIT_LOC_STRINGS = YES;
				SWIFT_VERSION = 5.0;
				TARGETED_DEVICE_FAMILY = "1,2";
			};
			name = Release;
		};
		FEAE9E5727D5B4A300D60EF7 /* Debug */ = {
			isa = XCBuildConfiguration;
			buildSettings = {
				ASSETCATALOG_COMPILER_GLOBAL_ACCENT_COLOR_NAME = AccentColor;
				ASSETCATALOG_COMPILER_WIDGET_BACKGROUND_COLOR_NAME = WidgetBackground;
				CODE_SIGN_STYLE = Automatic;
				CURRENT_PROJECT_VERSION = 1;
				DEVELOPMENT_TEAM = 22875T464M;
				GENERATE_INFOPLIST_FILE = YES;
				INFOPLIST_FILE = WidgetKitCourse/Info.plist;
				INFOPLIST_KEY_CFBundleDisplayName = WidgetKitCourse;
				INFOPLIST_KEY_NSHumanReadableCopyright = "";
				LD_RUNPATH_SEARCH_PATHS = (
					"$(inherited)",
					"@executable_path/Frameworks",
					"@executable_path/../../Frameworks",
				);
				MARKETING_VERSION = 1.0;
				PRODUCT_BUNDLE_IDENTIFIER = "peter-h-wi.p06-widgetkit-intro.WidgetKitCourse";
				PRODUCT_NAME = "$(TARGET_NAME)";
				SKIP_INSTALL = YES;
				SWIFT_EMIT_LOC_STRINGS = YES;
				SWIFT_VERSION = 5.0;
				TARGETED_DEVICE_FAMILY = "1,2";
			};
			name = Debug;
		};
		FEAE9E5827D5B4A300D60EF7 /* Release */ = {
			isa = XCBuildConfiguration;
			buildSettings = {
				ASSETCATALOG_COMPILER_GLOBAL_ACCENT_COLOR_NAME = AccentColor;
				ASSETCATALOG_COMPILER_WIDGET_BACKGROUND_COLOR_NAME = WidgetBackground;
				CODE_SIGN_STYLE = Automatic;
				CURRENT_PROJECT_VERSION = 1;
				DEVELOPMENT_TEAM = 22875T464M;
				GENERATE_INFOPLIST_FILE = YES;
				INFOPLIST_FILE = WidgetKitCourse/Info.plist;
				INFOPLIST_KEY_CFBundleDisplayName = WidgetKitCourse;
				INFOPLIST_KEY_NSHumanReadableCopyright = "";
				LD_RUNPATH_SEARCH_PATHS = (
					"$(inherited)",
					"@executable_path/Frameworks",
					"@executable_path/../../Frameworks",
				);
				MARKETING_VERSION = 1.0;
				PRODUCT_BUNDLE_IDENTIFIER = "peter-h-wi.p06-widgetkit-intro.WidgetKitCourse";
				PRODUCT_NAME = "$(TARGET_NAME)";
				SKIP_INSTALL = YES;
				SWIFT_EMIT_LOC_STRINGS = YES;
				SWIFT_VERSION = 5.0;
				TARGETED_DEVICE_FAMILY = "1,2";
			};
			name = Release;
		};
/* End XCBuildConfiguration section */

/* Begin XCConfigurationList section */
		FEAE9E2827D5AEA200D60EF7 /* Build configuration list for PBXProject "p06-widgetkit-intro" */ = {
			isa = XCConfigurationList;
			buildConfigurations = (
				FEAE9E3927D5AEA300D60EF7 /* Debug */,
				FEAE9E3A27D5AEA300D60EF7 /* Release */,
			);
			defaultConfigurationIsVisible = 0;
			defaultConfigurationName = Release;
		};
		FEAE9E3B27D5AEA300D60EF7 /* Build configuration list for PBXNativeTarget "p06-widgetkit-intro" */ = {
			isa = XCConfigurationList;
			buildConfigurations = (
				FEAE9E3C27D5AEA300D60EF7 /* Debug */,
				FEAE9E3D27D5AEA300D60EF7 /* Release */,
			);
			defaultConfigurationIsVisible = 0;
			defaultConfigurationName = Release;
		};
		FEAE9E5627D5B4A300D60EF7 /* Build configuration list for PBXNativeTarget "WidgetKitCourseExtension" */ = {
			isa = XCConfigurationList;
			buildConfigurations = (
				FEAE9E5727D5B4A300D60EF7 /* Debug */,
				FEAE9E5827D5B4A300D60EF7 /* Release */,
			);
			defaultConfigurationIsVisible = 0;
			defaultConfigurationName = Release;
		};
/* End XCConfigurationList section */
	};
	rootObject = FEAE9E2527D5AEA200D60EF7 /* Project object */;
}
