// !$*UTF8*$!
{
	archiveVersion = 1;
	classes = {
	};
	objectVersion = 55;
	objects = {

/* Begin PBXBuildFile section */
		FE5A6331279C830500D15A67 /* p04_mood_trackerApp.swift in Sources */ = {isa = PBXBuildFile; fileRef = FE5A6330279C830500D15A67 /* p04_mood_trackerApp.swift */; };
		FE5A6333279C830500D15A67 /* ContentView.swift in Sources */ = {isa = PBXBuildFile; fileRef = FE5A6332279C830500D15A67 /* ContentView.swift */; };
		FE5A6335279C830600D15A67 /* Assets.xcassets in Resources */ = {isa = PBXBuildFile; fileRef = FE5A6334279C830600D15A67 /* Assets.xcassets */; };
		FE5A6338279C830600D15A67 /* Preview Assets.xcassets in Resources */ = {isa = PBXBuildFile; fileRef = FE5A6337279C830600D15A67 /* Preview Assets.xcassets */; };
		FE5A6341279C856E00D15A67 /* MoodTrackerViewModel.swift in Sources */ = {isa = PBXBuildFile; fileRef = FE5A6340279C856E00D15A67 /* MoodTrackerViewModel.swift */; };
		FE5A6343279C882300D15A67 /* MoodTrackerView.swift in Sources */ = {isa = PBXBuildFile; fileRef = FE5A6342279C882300D15A67 /* MoodTrackerView.swift */; };
		FE5A6363279CAD1C00D15A67 /* Mood.swift in Sources */ = {isa = PBXBuildFile; fileRef = FE5A6362279CAD1C00D15A67 /* Mood.swift */; };
		FE722A01279F503A00528639 /* MoodAppModel.xcdatamodeld in Sources */ = {isa = PBXBuildFile; fileRef = FE7229FF279F503A00528639 /* MoodAppModel.xcdatamodeld */; };
		FE722A03279F505800528639 /* CoreDataManager.swift in Sources */ = {isa = PBXBuildFile; fileRef = FE722A02279F505800528639 /* CoreDataManager.swift */; };
/* End PBXBuildFile section */

/* Begin PBXFileReference section */
		FE5A632D279C830500D15A67 /* p04-mood-tracker.app */ = {isa = PBXFileReference; explicitFileType = wrapper.application; includeInIndex = 0; path = "p04-mood-tracker.app"; sourceTree = BUILT_PRODUCTS_DIR; };
		FE5A6330279C830500D15A67 /* p04_mood_trackerApp.swift */ = {isa = PBXFileReference; lastKnownFileType = sourcecode.swift; path = p04_mood_trackerApp.swift; sourceTree = "<group>"; };
		FE5A6332279C830500D15A67 /* ContentView.swift */ = {isa = PBXFileReference; lastKnownFileType = sourcecode.swift; path = ContentView.swift; sourceTree = "<group>"; };
		FE5A6334279C830600D15A67 /* Assets.xcassets */ = {isa = PBXFileReference; lastKnownFileType = folder.assetcatalog; path = Assets.xcassets; sourceTree = "<group>"; };
		FE5A6337279C830600D15A67 /* Preview Assets.xcassets */ = {isa = PBXFileReference; lastKnownFileType = folder.assetcatalog; path = "Preview Assets.xcassets"; sourceTree = "<group>"; };
		FE5A6340279C856E00D15A67 /* MoodTrackerViewModel.swift */ = {isa = PBXFileReference; lastKnownFileType = sourcecode.swift; path = MoodTrackerViewModel.swift; sourceTree = "<group>"; };
		FE5A6342279C882300D15A67 /* MoodTrackerView.swift */ = {isa = PBXFileReference; lastKnownFileType = sourcecode.swift; path = MoodTrackerView.swift; sourceTree = "<group>"; };
		FE5A6362279CAD1C00D15A67 /* Mood.swift */ = {isa = PBXFileReference; lastKnownFileType = sourcecode.swift; path = Mood.swift; sourceTree = "<group>"; };
		FE722A00279F503A00528639 /* MoodAppModel.xcdatamodel */ = {isa = PBXFileReference; lastKnownFileType = wrapper.xcdatamodel; path = MoodAppModel.xcdatamodel; sourceTree = "<group>"; };
		FE722A02279F505800528639 /* CoreDataManager.swift */ = {isa = PBXFileReference; lastKnownFileType = sourcecode.swift; path = CoreDataManager.swift; sourceTree = "<group>"; };
/* End PBXFileReference section */

/* Begin PBXFrameworksBuildPhase section */
		FE5A632A279C830500D15A67 /* Frameworks */ = {
			isa = PBXFrameworksBuildPhase;
			buildActionMask = 2147483647;
			files = (
			);
			runOnlyForDeploymentPostprocessing = 0;
		};
/* End PBXFrameworksBuildPhase section */

/* Begin PBXGroup section */
		FE5A6324279C830500D15A67 = {
			isa = PBXGroup;
			children = (
				FE5A632F279C830500D15A67 /* p04-mood-tracker */,
				FE5A632E279C830500D15A67 /* Products */,
			);
			sourceTree = "<group>";
		};
		FE5A632E279C830500D15A67 /* Products */ = {
			isa = PBXGroup;
			children = (
				FE5A632D279C830500D15A67 /* p04-mood-tracker.app */,
			);
			name = Products;
			sourceTree = "<group>";
		};
		FE5A632F279C830500D15A67 /* p04-mood-tracker */ = {
			isa = PBXGroup;
			children = (
				FE5A6330279C830500D15A67 /* p04_mood_trackerApp.swift */,
				FE5A6332279C830500D15A67 /* ContentView.swift */,
				FE5A6342279C882300D15A67 /* MoodTrackerView.swift */,
				FE5A6340279C856E00D15A67 /* MoodTrackerViewModel.swift */,
				FE5A6362279CAD1C00D15A67 /* Mood.swift */,
				FE722A02279F505800528639 /* CoreDataManager.swift */,
				FE7229FF279F503A00528639 /* MoodAppModel.xcdatamodeld */,
				FE5A6334279C830600D15A67 /* Assets.xcassets */,
				FE5A6336279C830600D15A67 /* Preview Content */,
			);
			path = "p04-mood-tracker";
			sourceTree = "<group>";
		};
		FE5A6336279C830600D15A67 /* Preview Content */ = {
			isa = PBXGroup;
			children = (
				FE5A6337279C830600D15A67 /* Preview Assets.xcassets */,
			);
			path = "Preview Content";
			sourceTree = "<group>";
		};
/* End PBXGroup section */

/* Begin PBXNativeTarget section */
		FE5A632C279C830500D15A67 /* p04-mood-tracker */ = {
			isa = PBXNativeTarget;
			buildConfigurationList = FE5A633B279C830600D15A67 /* Build configuration list for PBXNativeTarget "p04-mood-tracker" */;
			buildPhases = (
				FE5A6329279C830500D15A67 /* Sources */,
				FE5A632A279C830500D15A67 /* Frameworks */,
				FE5A632B279C830500D15A67 /* Resources */,
			);
			buildRules = (
			);
			dependencies = (
			);
			name = "p04-mood-tracker";
			productName = "p04-mood-tracker";
			productReference = FE5A632D279C830500D15A67 /* p04-mood-tracker.app */;
			productType = "com.apple.product-type.application";
		};
/* End PBXNativeTarget section */

/* Begin PBXProject section */
		FE5A6325279C830500D15A67 /* Project object */ = {
			isa = PBXProject;
			attributes = {
				BuildIndependentTargetsInParallel = 1;
				LastSwiftUpdateCheck = 1320;
				LastUpgradeCheck = 1320;
				TargetAttributes = {
					FE5A632C279C830500D15A67 = {
						CreatedOnToolsVersion = 13.2.1;
					};
				};
			};
			buildConfigurationList = FE5A6328279C830500D15A67 /* Build configuration list for PBXProject "p04-mood-tracker" */;
			compatibilityVersion = "Xcode 13.0";
			developmentRegion = en;
			hasScannedForEncodings = 0;
			knownRegions = (
				en,
				Base,
			);
			mainGroup = FE5A6324279C830500D15A67;
			productRefGroup = FE5A632E279C830500D15A67 /* Products */;
			projectDirPath = "";
			projectRoot = "";
			targets = (
				FE5A632C279C830500D15A67 /* p04-mood-tracker */,
			);
		};
/* End PBXProject section */

/* Begin PBXResourcesBuildPhase section */
		FE5A632B279C830500D15A67 /* Resources */ = {
			isa = PBXResourcesBuildPhase;
			buildActionMask = 2147483647;
			files = (
				FE5A6338279C830600D15A67 /* Preview Assets.xcassets in Resources */,
				FE5A6335279C830600D15A67 /* Assets.xcassets in Resources */,
			);
			runOnlyForDeploymentPostprocessing = 0;
		};
/* End PBXResourcesBuildPhase section */

/* Begin PBXSourcesBuildPhase section */
		FE5A6329279C830500D15A67 /* Sources */ = {
			isa = PBXSourcesBuildPhase;
			buildActionMask = 2147483647;
			files = (
				FE5A6363279CAD1C00D15A67 /* Mood.swift in Sources */,
				FE5A6341279C856E00D15A67 /* MoodTrackerViewModel.swift in Sources */,
				FE722A01279F503A00528639 /* MoodAppModel.xcdatamodeld in Sources */,
				FE5A6333279C830500D15A67 /* ContentView.swift in Sources */,
				FE5A6343279C882300D15A67 /* MoodTrackerView.swift in Sources */,
				FE722A03279F505800528639 /* CoreDataManager.swift in Sources */,
				FE5A6331279C830500D15A67 /* p04_mood_trackerApp.swift in Sources */,
			);
			runOnlyForDeploymentPostprocessing = 0;
		};
/* End PBXSourcesBuildPhase section */

/* Begin XCBuildConfiguration section */
		FE5A6339279C830600D15A67 /* Debug */ = {
			isa = XCBuildConfiguration;
			buildSettings = {
				ALWAYS_SEARCH_USER_PATHS = NO;
				CLANG_ANALYZER_NONNULL = YES;
				CLANG_ANALYZER_NUMBER_OBJECT_CONVERSION = YES_AGGRESSIVE;
				CLANG_CXX_LANGUAGE_STANDARD = "gnu++17";
				CLANG_CXX_LIBRARY = "libc++";
				CLANG_ENABLE_MODULES = YES;
				CLANG_ENABLE_OBJC_ARC = YES;
				CLANG_ENABLE_OBJC_WEAK = YES;
				CLANG_WARN_BLOCK_CAPTURE_AUTORELEASING = YES;
				CLANG_WARN_BOOL_CONVERSION = YES;
				CLANG_WARN_COMMA = YES;
				CLANG_WARN_CONSTANT_CONVERSION = YES;
				CLANG_WARN_DEPRECATED_OBJC_IMPLEMENTATIONS = YES;
				CLANG_WARN_DIRECT_OBJC_ISA_USAGE = YES_ERROR;
				CLANG_WARN_DOCUMENTATION_COMMENTS = YES;
				CLANG_WARN_EMPTY_BODY = YES;
				CLANG_WARN_ENUM_CONVERSION = YES;
				CLANG_WARN_INFINITE_RECURSION = YES;
				CLANG_WARN_INT_CONVERSION = YES;
				CLANG_WARN_NON_LITERAL_NULL_CONVERSION = YES;
				CLANG_WARN_OBJC_IMPLICIT_RETAIN_SELF = YES;
				CLANG_WARN_OBJC_LITERAL_CONVERSION = YES;
				CLANG_WARN_OBJC_ROOT_CLASS = YES_ERROR;
				CLANG_WARN_QUOTED_INCLUDE_IN_FRAMEWORK_HEADER = YES;
				CLANG_WARN_RANGE_LOOP_ANALYSIS = YES;
				CLANG_WARN_STRICT_PROTOTYPES = YES;
				CLANG_WARN_SUSPICIOUS_MOVE = YES;
				CLANG_WARN_UNGUARDED_AVAILABILITY = YES_AGGRESSIVE;
				CLANG_WARN_UNREACHABLE_CODE = YES;
				CLANG_WARN__DUPLICATE_METHOD_MATCH = YES;
				COPY_PHASE_STRIP = NO;
				DEBUG_INFORMATION_FORMAT = dwarf;
				ENABLE_STRICT_OBJC_MSGSEND = YES;
				ENABLE_TESTABILITY = YES;
				GCC_C_LANGUAGE_STANDARD = gnu11;
				GCC_DYNAMIC_NO_PIC = NO;
				GCC_NO_COMMON_BLOCKS = YES;
				GCC_OPTIMIZATION_LEVEL = 0;
				GCC_PREPROCESSOR_DEFINITIONS = (
					"DEBUG=1",
					"$(inherited)",
				);
				GCC_WARN_64_TO_32_BIT_CONVERSION = YES;
				GCC_WARN_ABOUT_RETURN_TYPE = YES_ERROR;
				GCC_WARN_UNDECLARED_SELECTOR = YES;
				GCC_WARN_UNINITIALIZED_AUTOS = YES_AGGRESSIVE;
				GCC_WARN_UNUSED_FUNCTION = YES;
				GCC_WARN_UNUSED_VARIABLE = YES;
				IPHONEOS_DEPLOYMENT_TARGET = 15.2;
				MTL_ENABLE_DEBUG_INFO = INCLUDE_SOURCE;
				MTL_FAST_MATH = YES;
				ONLY_ACTIVE_ARCH = YES;
				SDKROOT = iphoneos;
				SWIFT_ACTIVE_COMPILATION_CONDITIONS = DEBUG;
				SWIFT_OPTIMIZATION_LEVEL = "-Onone";
			};
			name = Debug;
		};
		FE5A633A279C830600D15A67 /* Release */ = {
			isa = XCBuildConfiguration;
			buildSettings = {
				ALWAYS_SEARCH_USER_PATHS = NO;
				CLANG_ANALYZER_NONNULL = YES;
				CLANG_ANALYZER_NUMBER_OBJECT_CONVERSION = YES_AGGRESSIVE;
				CLANG_CXX_LANGUAGE_STANDARD = "gnu++17";
				CLANG_CXX_LIBRARY = "libc++";
				CLANG_ENABLE_MODULES = YES;
				CLANG_ENABLE_OBJC_ARC = YES;
				CLANG_ENABLE_OBJC_WEAK = YES;
				CLANG_WARN_BLOCK_CAPTURE_AUTORELEASING = YES;
				CLANG_WARN_BOOL_CONVERSION = YES;
				CLANG_WARN_COMMA = YES;
				CLANG_WARN_CONSTANT_CONVERSION = YES;
				CLANG_WARN_DEPRECATED_OBJC_IMPLEMENTATIONS = YES;
				CLANG_WARN_DIRECT_OBJC_ISA_USAGE = YES_ERROR;
				CLANG_WARN_DOCUMENTATION_COMMENTS = YES;
				CLANG_WARN_EMPTY_BODY = YES;
				CLANG_WARN_ENUM_CONVERSION = YES;
				CLANG_WARN_INFINITE_RECURSION = YES;
				CLANG_WARN_INT_CONVERSION = YES;
				CLANG_WARN_NON_LITERAL_NULL_CONVERSION = YES;
				CLANG_WARN_OBJC_IMPLICIT_RETAIN_SELF = YES;
				CLANG_WARN_OBJC_LITERAL_CONVERSION = YES;
				CLANG_WARN_OBJC_ROOT_CLASS = YES_ERROR;
				CLANG_WARN_QUOTED_INCLUDE_IN_FRAMEWORK_HEADER = YES;
				CLANG_WARN_RANGE_LOOP_ANALYSIS = YES;
				CLANG_WARN_STRICT_PROTOTYPES = YES;
				CLANG_WARN_SUSPICIOUS_MOVE = YES;
				CLANG_WARN_UNGUARDED_AVAILABILITY = YES_AGGRESSIVE;
				CLANG_WARN_UNREACHABLE_CODE = YES;
				CLANG_WARN__DUPLICATE_METHOD_MATCH = YES;
				COPY_PHASE_STRIP = NO;
				DEBUG_INFORMATION_FORMAT = "dwarf-with-dsym";
				ENABLE_NS_ASSERTIONS = NO;
				ENABLE_STRICT_OBJC_MSGSEND = YES;
				GCC_C_LANGUAGE_STANDARD = gnu11;
				GCC_NO_COMMON_BLOCKS = YES;
				GCC_WARN_64_TO_32_BIT_CONVERSION = YES;
				GCC_WARN_ABOUT_RETURN_TYPE = YES_ERROR;
				GCC_WARN_UNDECLARED_SELECTOR = YES;
				GCC_WARN_UNINITIALIZED_AUTOS = YES_AGGRESSIVE;
				GCC_WARN_UNUSED_FUNCTION = YES;
				GCC_WARN_UNUSED_VARIABLE = YES;
				IPHONEOS_DEPLOYMENT_TARGET = 15.2;
				MTL_ENABLE_DEBUG_INFO = NO;
				MTL_FAST_MATH = YES;
				SDKROOT = iphoneos;
				SWIFT_COMPILATION_MODE = wholemodule;
				SWIFT_OPTIMIZATION_LEVEL = "-O";
				VALIDATE_PRODUCT = YES;
			};
			name = Release;
		};
		FE5A633C279C830600D15A67 /* Debug */ = {
			isa = XCBuildConfiguration;
			buildSettings = {
				ASSETCATALOG_COMPILER_APPICON_NAME = AppIcon;
				ASSETCATALOG_COMPILER_GLOBAL_ACCENT_COLOR_NAME = AccentColor;
				CODE_SIGN_STYLE = Automatic;
				CURRENT_PROJECT_VERSION = 1;
				DEVELOPMENT_ASSET_PATHS = "\"p04-mood-tracker/Preview Content\"";
				DEVELOPMENT_TEAM = 22875T464M;
				ENABLE_PREVIEWS = YES;
				GENERATE_INFOPLIST_FILE = YES;
				INFOPLIST_KEY_UIApplicationSceneManifest_Generation = YES;
				INFOPLIST_KEY_UIApplicationSupportsIndirectInputEvents = YES;
				INFOPLIST_KEY_UILaunchScreen_Generation = YES;
				INFOPLIST_KEY_UISupportedInterfaceOrientations_iPad = "UIInterfaceOrientationPortrait UIInterfaceOrientationPortraitUpsideDown UIInterfaceOrientationLandscapeLeft UIInterfaceOrientationLandscapeRight";
				INFOPLIST_KEY_UISupportedInterfaceOrientations_iPhone = "UIInterfaceOrientationPortrait UIInterfaceOrientationLandscapeLeft UIInterfaceOrientationLandscapeRight";
				LD_RUNPATH_SEARCH_PATHS = (
					"$(inherited)",
					"@executable_path/Frameworks",
				);
				MARKETING_VERSION = 1.0;
				PRODUCT_BUNDLE_IDENTIFIER = "peter-h-wi.p04-mood-tracker";
				PRODUCT_NAME = "$(TARGET_NAME)";
				SWIFT_EMIT_LOC_STRINGS = YES;
				SWIFT_VERSION = 5.0;
				TARGETED_DEVICE_FAMILY = "1,2";
			};
			name = Debug;
		};
		FE5A633D279C830600D15A67 /* Release */ = {
			isa = XCBuildConfiguration;
			buildSettings = {
				ASSETCATALOG_COMPILER_APPICON_NAME = AppIcon;
				ASSETCATALOG_COMPILER_GLOBAL_ACCENT_COLOR_NAME = AccentColor;
				CODE_SIGN_STYLE = Automatic;
				CURRENT_PROJECT_VERSION = 1;
				DEVELOPMENT_ASSET_PATHS = "\"p04-mood-tracker/Preview Content\"";
				DEVELOPMENT_TEAM = 22875T464M;
				ENABLE_PREVIEWS = YES;
				GENERATE_INFOPLIST_FILE = YES;
				INFOPLIST_KEY_UIApplicationSceneManifest_Generation = YES;
				INFOPLIST_KEY_UIApplicationSupportsIndirectInputEvents = YES;
				INFOPLIST_KEY_UILaunchScreen_Generation = YES;
				INFOPLIST_KEY_UISupportedInterfaceOrientations_iPad = "UIInterfaceOrientationPortrait UIInterfaceOrientationPortraitUpsideDown UIInterfaceOrientationLandscapeLeft UIInterfaceOrientationLandscapeRight";
				INFOPLIST_KEY_UISupportedInterfaceOrientations_iPhone = "UIInterfaceOrientationPortrait UIInterfaceOrientationLandscapeLeft UIInterfaceOrientationLandscapeRight";
				LD_RUNPATH_SEARCH_PATHS = (
					"$(inherited)",
					"@executable_path/Frameworks",
				);
				MARKETING_VERSION = 1.0;
				PRODUCT_BUNDLE_IDENTIFIER = "peter-h-wi.p04-mood-tracker";
				PRODUCT_NAME = "$(TARGET_NAME)";
				SWIFT_EMIT_LOC_STRINGS = YES;
				SWIFT_VERSION = 5.0;
				TARGETED_DEVICE_FAMILY = "1,2";
			};
			name = Release;
		};
/* End XCBuildConfiguration section */

/* Begin XCConfigurationList section */
		FE5A6328279C830500D15A67 /* Build configuration list for PBXProject "p04-mood-tracker" */ = {
			isa = XCConfigurationList;
			buildConfigurations = (
				FE5A6339279C830600D15A67 /* Debug */,
				FE5A633A279C830600D15A67 /* Release */,
			);
			defaultConfigurationIsVisible = 0;
			defaultConfigurationName = Release;
		};
		FE5A633B279C830600D15A67 /* Build configuration list for PBXNativeTarget "p04-mood-tracker" */ = {
			isa = XCConfigurationList;
			buildConfigurations = (
				FE5A633C279C830600D15A67 /* Debug */,
				FE5A633D279C830600D15A67 /* Release */,
			);
			defaultConfigurationIsVisible = 0;
			defaultConfigurationName = Release;
		};
/* End XCConfigurationList section */

/* Begin XCVersionGroup section */
		FE7229FF279F503A00528639 /* MoodAppModel.xcdatamodeld */ = {
			isa = XCVersionGroup;
			children = (
				FE722A00279F503A00528639 /* MoodAppModel.xcdatamodel */,
			);
			currentVersion = FE722A00279F503A00528639 /* MoodAppModel.xcdatamodel */;
			path = MoodAppModel.xcdatamodeld;
			sourceTree = "<group>";
			versionGroupType = wrapper.xcdatamodel;
		};
/* End XCVersionGroup section */
	};
	rootObject = FE5A6325279C830500D15A67 /* Project object */;
}
